
Microsoft Visual Studio Solution File, Format Version 12.00
# Visual Studio Version 16
VisualStudioVersion = 16.0.31313.79
MinimumVisualStudioVersion = 10.0.40219.1
Project("{FAE04EC0-301F-11D3-BF4B-00C04F79EFBC}") = "Selenium.Screenshot", "Selenium.Screenshot\Selenium.Screenshot.csproj", "{CAA1DE19-A027-405C-89F9-FE1D9B571620}"
EndProject
Global
	GlobalSection(SolutionConfigurationPlatforms) = preSolution
		Debug|Any CPU = Debug|Any CPU
		Release|Any CPU = Release|Any CPU
	EndGlobalSection
	GlobalSection(ProjectConfigurationPlatforms) = postSolution
		{CAA1DE19-A027-405C-89F9-FE1D9B571620}.Debug|Any CPU.ActiveCfg = Debug|Any CPU
		{CAA1DE19-A027-405C-89F9-FE1D9B571620}.Debug|Any CPU.Build.0 = Debug|Any CPU
		{CAA1DE19-A027-405C-89F9-FE1D9B571620}.Release|Any CPU.ActiveCfg = Release|Any CPU
		{CAA1DE19-A027-405C-89F9-FE1D9B571620}.Release|Any CPU.Build.0 = Release|Any CPU
	EndGlobalSection
	GlobalSection(SolutionProperties) = preSolution
		HideSolutionNode = FALSE
	EndGlobalSection
	GlobalSection(ExtensibilityGlobals) = postSolution
		SolutionGuid = {3BECE946-2242-484C-AC6A-30504848B7EB}
	EndGlobalSection
EndGlobal
